
Microsoft Visual Studio Solution File, Format Version 12.00
# Visual Studio Version 16
VisualStudioVersion = 16.0.29326.143
MinimumVisualStudioVersion = 10.0.40219.1
Project("{FAE04EC0-301F-11D3-BF4B-00C04F79EFBC}") = "PictureViewer", "PictureViewer\PictureViewer.csproj", "{FB8D0D42-9D10-492D-89C3-FAFFBFFC406C}"
EndProject
Global
	GlobalSection(SolutionConfigurationPlatforms) = preSolution
		Debug|Any CPU = Debug|Any CPU
		Release|Any CPU = Release|Any CPU
	EndGlobalSection
	GlobalSection(ProjectConfigurationPlatforms) = postSolution
		{FB8D0D42-9D10-492D-89C3-FAFFBFFC406C}.Debug|Any CPU.ActiveCfg = Release|Any CPU
		{FB8D0D42-9D10-492D-89C3-FAFFBFFC406C}.Debug|Any CPU.Build.0 = Release|Any CPU
		{FB8D0D42-9D10-492D-89C3-FAFFBFFC406C}.Release|Any CPU.ActiveCfg = Release|Any CPU
		{FB8D0D42-9D10-492D-89C3-FAFFBFFC406C}.Release|Any CPU.Build.0 = Release|Any CPU
	EndGlobalSection
	GlobalSection(SolutionProperties) = preSolution
		HideSolutionNode = FALSE
	EndGlobalSection
	GlobalSection(ExtensibilityGlobals) = postSolution
		SolutionGuid = {9F3CA863-1518-42EB-B1EF-69BDA32B5876}
	EndGlobalSection
EndGlobal
